Microsoft Visual Studio Solution File, Format Version 12.00
# Visual Studio Version 17
VisualStudioVersion = 17.5.2.0
MinimumVisualStudioVersion = 10.0.40219.1
Project("{FAE04EC0-301F-11D3-BF4B-00C04F79EFBC}") = "SharpWarden", "SharpWarden\SharpWarden.csproj", "{B879907C-A4C1-E74A-E1CB-CF1162250BED}"
EndProject
Project("{FAE04EC0-301F-11D3-BF4B-00C04F79EFBC}") = "Examples", "Examples\Examples.csproj", "{4231C2B0-5AEB-2EC9-2588-94FF03EC9E9D}"
EndProject
Project("{FAE04EC0-301F-11D3-BF4B-00C04F79EFBC}") = "Tests", "Tests\Tests.csproj", "{91E60CE7-EAE1-4254-891C-A6F689D22403}"
EndProject
Global
	GlobalSection(SolutionConfigurationPlatforms) = preSolution
		Debug|Any CPU = Debug|Any CPU
		Release|Any CPU = Release|Any CPU
	EndGlobalSection
	GlobalSection(ProjectConfigurationPlatforms) = postSolution
		{B879907C-A4C1-E74A-E1CB-CF1162250BED}.Debug|Any CPU.ActiveCfg = Debug|Any CPU
		{B879907C-A4C1-E74A-E1CB-CF1162250BED}.Debug|Any CPU.Build.0 = Debug|Any CPU
		{B879907C-A4C1-E74A-E1CB-CF1162250BED}.Release|Any CPU.ActiveCfg = Release|Any CPU
		{B879907C-A4C1-E74A-E1CB-CF1162250BED}.Release|Any CPU.Build.0 = Release|Any CPU
		{4231C2B0-5AEB-2EC9-2588-94FF03EC9E9D}.Debug|Any CPU.ActiveCfg = Debug|Any CPU
		{4231C2B0-5AEB-2EC9-2588-94FF03EC9E9D}.Debug|Any CPU.Build.0 = Debug|Any CPU
		{4231C2B0-5AEB-2EC9-2588-94FF03EC9E9D}.Release|Any CPU.ActiveCfg = Release|Any CPU
		{4231C2B0-5AEB-2EC9-2588-94FF03EC9E9D}.Release|Any CPU.Build.0 = Release|Any CPU
		{91E60CE7-EAE1-4254-891C-A6F689D22403}.Debug|Any CPU.ActiveCfg = Debug|Any CPU
		{91E60CE7-EAE1-4254-891C-A6F689D22403}.Debug|Any CPU.Build.0 = Debug|Any CPU
		{91E60CE7-EAE1-4254-891C-A6F689D22403}.Release|Any CPU.ActiveCfg = Release|Any CPU
		{91E60CE7-EAE1-4254-891C-A6F689D22403}.Release|Any CPU.Build.0 = Release|Any CPU
	EndGlobalSection
	GlobalSection(SolutionProperties) = preSolution
		HideSolutionNode = FALSE
	EndGlobalSection
	GlobalSection(ExtensibilityGlobals) = postSolution
		SolutionGuid = {B9317293-9E42-45B1-B191-B88855A00FF6}
	EndGlobalSection
EndGlobal
